
Microsoft Visual Studio Solution File, Format Version 12.00
# Visual Studio Version 17
VisualStudioVersion = 17.11.35222.181
MinimumVisualStudioVersion = 10.0.40219.1
Project("{FAE04EC0-301F-11D3-BF4B-00C04F79EFBC}") = "gustov-bk", "gustov-bk\gustov-bk.csproj", "{C6BB5238-5A9F-46FD-B34B-AFADB249341D}"
EndProject
Global
	GlobalSection(SolutionConfigurationPlatforms) = preSolution
		Debug|Any CPU = Debug|Any CPU
		Release|Any CPU = Release|Any CPU
	EndGlobalSection
	GlobalSection(ProjectConfigurationPlatforms) = postSolution
		{C6BB5238-5A9F-46FD-B34B-AFADB249341D}.Debug|Any CPU.ActiveCfg = Debug|Any CPU
		{C6BB5238-5A9F-46FD-B34B-AFADB249341D}.Debug|Any CPU.Build.0 = Debug|Any CPU
		{C6BB5238-5A9F-46FD-B34B-AFADB249341D}.Release|Any CPU.ActiveCfg = Release|Any CPU
		{C6BB5238-5A9F-46FD-B34B-AFADB249341D}.Release|Any CPU.Build.0 = Release|Any CPU
	EndGlobalSection
	GlobalSection(SolutionProperties) = preSolution
		HideSolutionNode = FALSE
	EndGlobalSection
	GlobalSection(ExtensibilityGlobals) = postSolution
		SolutionGuid = {DA7F030A-CFAA-45DA-B4AA-7FD718C2E7DB}
	EndGlobalSection
EndGlobal
